
Microsoft Visual Studio Solution File, Format Version 12.00
# Visual Studio Version 17
VisualStudioVersion = 17.2.32519.379
MinimumVisualStudioVersion = 10.0.40219.1
Project("{FAE04EC0-301F-11D3-BF4B-00C04F79EFBC}") = "TestingApi", "TestingApi\TestingApi.csproj", "{18366B53-F821-4019-B132-C34ACD6B8808}"
EndProject
Global
	GlobalSection(SolutionConfigurationPlatforms) = preSolution
		Debug|Any CPU = Debug|Any CPU
		Release|Any CPU = Release|Any CPU
	EndGlobalSection
	GlobalSection(ProjectConfigurationPlatforms) = postSolution
		{18366B53-F821-4019-B132-C34ACD6B8808}.Debug|Any CPU.ActiveCfg = Debug|Any CPU
		{18366B53-F821-4019-B132-C34ACD6B8808}.Debug|Any CPU.Build.0 = Debug|Any CPU
		{18366B53-F821-4019-B132-C34ACD6B8808}.Release|Any CPU.ActiveCfg = Release|Any CPU
		{18366B53-F821-4019-B132-C34ACD6B8808}.Release|Any CPU.Build.0 = Release|Any CPU
	EndGlobalSection
	GlobalSection(SolutionProperties) = preSolution
		HideSolutionNode = FALSE
	EndGlobalSection
	GlobalSection(ExtensibilityGlobals) = postSolution
		SolutionGuid = {D508DD8B-7B78-4BDE-BCF7-D1C682F979BC}
	EndGlobalSection
EndGlobal
